github.com/batchatco/go-thrower v0.0.0-20200514091116-cd59a8798280 h1:W37C5QdMAN5Qysn5e55OHNEJiGvnjpwHLz8wmx1nt30=
github.com/batchatco/go-thrower v0.0.0-20200514091116-cd59a8798280/go.mod h1:hJ9Ll7FOzcIr57sd7RHga7StcCVAL0vFBUsNpnGntNg=
github.com/batchatco/go-thrower v0.0.0-20200827035905-5cb7337f6be6 h1:gDf4IUqKDnH7F0XdgeYOBx2jlMKF/j9Xm42sISXpwqY=
github.com/batchatco/go-thrower v0.0.0-20200827035905-5cb7337f6be6/go.mod h1:hJ9Ll7FOzcIr57sd7RHga7StcCVAL0vFBUsNpnGntNg=
